
Microsoft Visual Studio Solution File, Format Version 12.00
# Visual Studio Version 17
VisualStudioVersion = 17.13.35931.197 d17.13
MinimumVisualStudioVersion = 10.0.40219.1
Project("{FAE04EC0-301F-11D3-BF4B-00C04F79EFBC}") = "DependencyInjectionInRealLife", "DependencyInjectionInRealLife\DependencyInjectionInRealLife.csproj", "{494D29FB-DD16-4D35-96DA-181A1A265116}"
EndProject
Global
	GlobalSection(SolutionConfigurationPlatforms) = preSolution
		Debug|Any CPU = Debug|Any CPU
		Release|Any CPU = Release|Any CPU
	EndGlobalSection
	GlobalSection(ProjectConfigurationPlatforms) = postSolution
		{494D29FB-DD16-4D35-96DA-181A1A265116}.Debug|Any CPU.ActiveCfg = Debug|Any CPU
		{494D29FB-DD16-4D35-96DA-181A1A265116}.Debug|Any CPU.Build.0 = Debug|Any CPU
		{494D29FB-DD16-4D35-96DA-181A1A265116}.Release|Any CPU.ActiveCfg = Release|Any CPU
		{494D29FB-DD16-4D35-96DA-181A1A265116}.Release|Any CPU.Build.0 = Release|Any CPU
	EndGlobalSection
	GlobalSection(SolutionProperties) = preSolution
		HideSolutionNode = FALSE
	EndGlobalSection
	GlobalSection(ExtensibilityGlobals) = postSolution
		SolutionGuid = {73E4D5DE-B857-4568-937D-7A8A0C7E0BC2}
	EndGlobalSection
EndGlobal
